
Microsoft Visual Studio Solution File, Format Version 12.00
# Visual Studio 14
VisualStudioVersion = 14.0.25420.1
MinimumVisualStudioVersion = 10.0.40219.1
Project("{FAE04EC0-301F-11D3-BF4B-00C04F79EFBC}") = "EncryptService", "EncryptService\EncryptService.csproj", "{AD942542-8CF7-4155-8F94-FF1F1047D14F}"
EndProject
Project("{FAE04EC0-301F-11D3-BF4B-00C04F79EFBC}") = "UnitTestProject", "UnitTestProject\UnitTestProject.csproj", "{EB433227-2154-4024-B2F9-556EA0C10A54}"
EndProject
Global
	GlobalSection(SolutionConfigurationPlatforms) = preSolution
		Debug|Any CPU = Debug|Any CPU
		Release|Any CPU = Release|Any CPU
	EndGlobalSection
	GlobalSection(ProjectConfigurationPlatforms) = postSolution
		{AD942542-8CF7-4155-8F94-FF1F1047D14F}.Debug|Any CPU.ActiveCfg = Debug|Any CPU
		{AD942542-8CF7-4155-8F94-FF1F1047D14F}.Debug|Any CPU.Build.0 = Debug|Any CPU
		{AD942542-8CF7-4155-8F94-FF1F1047D14F}.Release|Any CPU.ActiveCfg = Release|Any CPU
		{AD942542-8CF7-4155-8F94-FF1F1047D14F}.Release|Any CPU.Build.0 = Release|Any CPU
		{EB433227-2154-4024-B2F9-556EA0C10A54}.Debug|Any CPU.ActiveCfg = Debug|Any CPU
		{EB433227-2154-4024-B2F9-556EA0C10A54}.Debug|Any CPU.Build.0 = Debug|Any CPU
		{EB433227-2154-4024-B2F9-556EA0C10A54}.Release|Any CPU.ActiveCfg = Release|Any CPU
		{EB433227-2154-4024-B2F9-556EA0C10A54}.Release|Any CPU.Build.0 = Release|Any CPU
	EndGlobalSection
	GlobalSection(SolutionProperties) = preSolution
		HideSolutionNode = FALSE
	EndGlobalSection
EndGlobal
